<?xml version="1.0" encoding="utf-8"?>
<Project ToolsVersion="4.0" xmlns="http://schemas.microsoft.com/developer/msbuild/2003">
  <ItemGroup>
    <Filter Include="Src">
      <UniqueIdentifier>{66d1e5a7-dbf4-4a4f-93e9-208508ad3053}</UniqueIdentifier>
    </Filter>
  </ItemGroup>
  <ItemGroup>
    <ClCompile Include="..\Src\AnimationComponent.cpp">
      <Filter>Src</Filter>
    </ClCompile>
    <ClCompile Include="..\Src\AnimationSystem.cpp">
      <Filter>Src</Filter>
    </ClCompile>
    <ClCompile Include="..\Src\EntityFactory.cpp">
      <Filter>Src</Filter>
    </ClCompile>
    <ClCompile Include="..\Src\EntityManager.cpp">
      <Filter>Src</Filter>
    </ClCompile>
    <ClCompile Include="..\Src\MovementComponent.cpp">
      <Filter>Src</Filter>
    </ClCompile>
    <ClCompile Include="..\Src\MovementSystem.cpp">
      <Filter>Src</Filter>
    </ClCompile>
    <ClCompile Include="..\Src\World.cpp">
      <Filter>Src</Filter>
    </ClCompile>
    <ClCompile Include="..\Src\NameSystem.cpp">
      <Filter>Src</Filter>
    </ClCompile>
    <ClCompile Include="..\Src\Main.cpp">
      <Filter>Src</Filter>
    </ClCompile>
  </ItemGroup>
  <ItemGroup>
    <ClInclude Include="..\Src\AnimationComponent.h">
      <Filter>Src</Filter>
    </ClInclude>
    <ClInclude Include="..\Src\AnimationSystem.h">
      <Filter>Src</Filter>
    </ClInclude>
    <ClInclude Include="..\Src\Entity.h">
      <Filter>Src</Filter>
    </ClInclude>
    <ClInclude Include="..\Src\EntityFactory.h">
      <Filter>Src</Filter>
    </ClInclude>
    <ClInclude Include="..\Src\EntityManager.h">
      <Filter>Src</Filter>
    </ClInclude>
    <ClInclude Include="..\Src\MovementComponent.h">
      <Filter>Src</Filter>
    </ClInclude>
    <ClInclude Include="..\Src\MovementSystem.h">
      <Filter>Src</Filter>
    </ClInclude>
    <ClInclude Include="..\Src\World.h">
      <Filter>Src</Filter>
    </ClInclude>
    <ClInclude Include="..\Src\NameComponent.h">
      <Filter>Src</Filter>
    </ClInclude>
    <ClInclude Include="..\Src\NameSystem.h">
      <Filter>Src</Filter>
    </ClInclude>
    <ClInclude Include="..\Src\Common.h">
      <Filter>Src</Filter>
    </ClInclude>
  </ItemGroup>
</Project>